// !$*UTF8*$!
{
	archiveVersion = 1;
	classes = {
	};
	objectVersion = 46;
	objects = {

/* Begin PBXBuildFile section */
		D635D0471D4890690084E5F6 /* UITableView+DSLIndexView.m in Sources */ = {isa = PBXBuildFile; fileRef = D635D0461D4890690084E5F6 /* UITableView+DSLIndexView.m */; };
		D6BDCD361D4B5CBF00EF2DB5 /* FeatureViewController.m in Sources */ = {isa = PBXBuildFile; fileRef = D6BDCD351D4B5CBF00EF2DB5 /* FeatureViewController.m */; };
		DD03D0F11DB791A000817E51 /* WaveViewController.m in Sources */ = {isa = PBXBuildFile; fileRef = DD03D0F01DB791A000817E51 /* WaveViewController.m */; };
		DDE085DA1D450F6B00CD5B88 /* main.m in Sources */ = {isa = PBXBuildFile; fileRef = DDE085D91D450F6B00CD5B88 /* main.m */; };
		DDE085DD1D450F6B00CD5B88 /* AppDelegate.m in Sources */ = {isa = PBXBuildFile; fileRef = DDE085DC1D450F6B00CD5B88 /* AppDelegate.m */; };
		DDE085E01D450F6B00CD5B88 /* ViewController.m in Sources */ = {isa = PBXBuildFile; fileRef = DDE085DF1D450F6B00CD5B88 /* ViewController.m */; };
		DDE085E31D450F6B00CD5B88 /* Main.storyboard in Resources */ = {isa = PBXBuildFile; fileRef = DDE085E11D450F6B00CD5B88 /* Main.storyboard */; };
		DDE085E51D450F6B00CD5B88 /* Assets.xcassets in Resources */ = {isa = PBXBuildFile; fileRef = DDE085E41D450F6B00CD5B88 /* Assets.xcassets */; };
		DDE085E81D450F6B00CD5B88 /* LaunchScreen.storyboard in Resources */ = {isa = PBXBuildFile; fileRef = DDE085E61D450F6B00CD5B88 /* LaunchScreen.storyboard */; };
		DDE085F31D450F6B00CD5B88 /* DSLIndexViewTests.m in Sources */ = {isa = PBXBuildFile; fileRef = DDE085F21D450F6B00CD5B88 /* DSLIndexViewTests.m */; };
		DDE085FE1D450F6B00CD5B88 /* DSLIndexViewUITests.m in Sources */ = {isa = PBXBuildFile; fileRef = DDE085FD1D450F6B00CD5B88 /* DSLIndexViewUITests.m */; };
		DDE0860E1D450FD400CD5B88 /* DSLIndexView.m in Sources */ = {isa = PBXBuildFile; fileRef = DDE0860D1D450FD400CD5B88 /* DSLIndexView.m */; };
		DDE086111D45101100CD5B88 /* UILabel+DSLIndexView.m in Sources */ = {isa = PBXBuildFile; fileRef = DDE086101D45101100CD5B88 /* UILabel+DSLIndexView.m */; };
		DDE086141D45101D00CD5B88 /* DSLIndexFeatureView.m in Sources */ = {isa = PBXBuildFile; fileRef = DDE086131D45101D00CD5B88 /* DSLIndexFeatureView.m */; };
/* End PBXBuildFile section */

/* Begin PBXContainerItemProxy section */
		DDE085EF1D450F6B00CD5B88 /* PBXContainerItemProxy */ = {
			isa = PBXContainerItemProxy;
			containerPortal = DDE085CD1D450F6B00CD5B88 /* Project object */;
			proxyType = 1;
			remoteGlobalIDString = DDE085D41D450F6B00CD5B88;
			remoteInfo = DSLIndexView;
		};
		DDE085FA1D450F6B00CD5B88 /* PBXContainerItemProxy */ = {
			isa = PBXContainerItemProxy;
			containerPortal = DDE085CD1D450F6B00CD5B88 /* Project object */;
			proxyType = 1;
			remoteGlobalIDString = DDE085D41D450F6B00CD5B88;
			remoteInfo = DSLIndexView;
		};
/* End PBXContainerItemProxy section */

/* Begin PBXFileReference section */
		D635D0451D4890690084E5F6 /* UITableView+DSLIndexView.h */ = {isa = PBXFileReference; fileEncoding = 4; lastKnownFileType = sourcecode.c.h; path = "UITableView+DSLIndexView.h"; sourceTree = "<group>"; };
		D635D0461D4890690084E5F6 /* UITableView+DSLIndexView.m */ = {isa = PBXFileReference; fileEncoding = 4; lastKnownFileType = sourcecode.c.objc; path = "UITableView+DSLIndexView.m"; sourceTree = "<group>"; };
		D6BDCD341D4B5CBF00EF2DB5 /* FeatureViewController.h */ = {isa = PBXFileReference; fileEncoding = 4; lastKnownFileType = sourcecode.c.h; path = FeatureViewController.h; sourceTree = "<group>"; };
		D6BDCD351D4B5CBF00EF2DB5 /* FeatureViewController.m */ = {isa = PBXFileReference; fileEncoding = 4; lastKnownFileType = sourcecode.c.objc; path = FeatureViewController.m; sourceTree = "<group>"; };
		DD03D0EF1DB791A000817E51 /* WaveViewController.h */ = {isa = PBXFileReference; fileEncoding = 4; lastKnownFileType = sourcecode.c.h; path = WaveViewController.h; sourceTree = "<group>"; };
		DD03D0F01DB791A000817E51 /* WaveViewController.m */ = {isa = PBXFileReference; fileEncoding = 4; lastKnownFileType = sourcecode.c.objc; path = WaveViewController.m; sourceTree = "<group>"; };
		DDE085D51D450F6B00CD5B88 /* DSLIndexView.app */ = {isa = PBXFileReference; explicitFileType = wrapper.application; includeInIndex = 0; path = DSLIndexView.app; sourceTree = BUILT_PRODUCTS_DIR; };
		DDE085D91D450F6B00CD5B88 /* main.m */ = {isa = PBXFileReference; lastKnownFileType = sourcecode.c.objc; path = main.m; sourceTree = "<group>"; };
		DDE085DB1D450F6B00CD5B88 /* AppDelegate.h */ = {isa = PBXFileReference; lastKnownFileType = sourcecode.c.h; path = AppDelegate.h; sourceTree = "<group>"; };
		DDE085DC1D450F6B00CD5B88 /* AppDelegate.m */ = {isa = PBXFileReference; lastKnownFileType = sourcecode.c.objc; path = AppDelegate.m; sourceTree = "<group>"; };
		DDE085DE1D450F6B00CD5B88 /* ViewController.h */ = {isa = PBXFileReference; lastKnownFileType = sourcecode.c.h; path = ViewController.h; sourceTree = "<group>"; };
		DDE085DF1D450F6B00CD5B88 /* ViewController.m */ = {isa = PBXFileReference; lastKnownFileType = sourcecode.c.objc; path = ViewController.m; sourceTree = "<group>"; };
		DDE085E21D450F6B00CD5B88 /* Base */ = {isa = PBXFileReference; lastKnownFileType = file.storyboard; name = Base; path = Base.lproj/Main.storyboard; sourceTree = "<group>"; };
		DDE085E41D450F6B00CD5B88 /* Assets.xcassets */ = {isa = PBXFileReference; lastKnownFileType = folder.assetcatalog; path = Assets.xcassets; sourceTree = "<group>"; };
		DDE085E71D450F6B00CD5B88 /* Base */ = {isa = PBXFileReference; lastKnownFileType = file.storyboard; name = Base; path = Base.lproj/LaunchScreen.storyboard; sourceTree = "<group>"; };
		DDE085E91D450F6B00CD5B88 /* Info.plist */ = {isa = PBXFileReference; lastKnownFileType = text.plist.xml; path = Info.plist; sourceTree = "<group>"; };
		DDE085EE1D450F6B00CD5B88 /* DSLIndexViewTests.xctest */ = {isa = PBXFileReference; explicitFileType = wrapper.cfbundle; includeInIndex = 0; path = DSLIndexViewTests.xctest; sourceTree = BUILT_PRODUCTS_DIR; };
		DDE085F21D450F6B00CD5B88 /* DSLIndexViewTests.m */ = {isa = PBXFileReference; lastKnownFileType = sourcecode.c.objc; path = DSLIndexViewTests.m; sourceTree = "<group>"; };
		DDE085F41D450F6B00CD5B88 /* Info.plist */ = {isa = PBXFileReference; lastKnownFileType = text.plist.xml; path = Info.plist; sourceTree = "<group>"; };
		DDE085F91D450F6B00CD5B88 /* DSLIndexViewUITests.xctest */ = {isa = PBXFileReference; explicitFileType = wrapper.cfbundle; includeInIndex = 0; path = DSLIndexViewUITests.xctest; sourceTree = BUILT_PRODUCTS_DIR; };
		DDE085FD1D450F6B00CD5B88 /* DSLIndexViewUITests.m */ = {isa = PBXFileReference; lastKnownFileType = sourcecode.c.objc; path = DSLIndexViewUITests.m; sourceTree = "<group>"; };
		DDE085FF1D450F6B00CD5B88 /* Info.plist */ = {isa = PBXFileReference; lastKnownFileType = text.plist.xml; path = Info.plist; sourceTree = "<group>"; };
		DDE0860C1D450FD400CD5B88 /* DSLIndexView.h */ = {isa = PBXFileReference; fileEncoding = 4; lastKnownFileType = sourcecode.c.h; path = DSLIndexView.h; sourceTree = "<group>"; };
		DDE0860D1D450FD400CD5B88 /* DSLIndexView.m */ = {isa = PBXFileReference; fileEncoding = 4; lastKnownFileType = sourcecode.c.objc; path = DSLIndexView.m; sourceTree = "<group>"; };
		DDE0860F1D45101100CD5B88 /* UILabel+DSLIndexView.h */ = {isa = PBXFileReference; fileEncoding = 4; lastKnownFileType = sourcecode.c.h; path = "UILabel+DSLIndexView.h"; sourceTree = "<group>"; };
		DDE086101D45101100CD5B88 /* UILabel+DSLIndexView.m */ = {isa = PBXFileReference; fileEncoding = 4; lastKnownFileType = sourcecode.c.objc; path = "UILabel+DSLIndexView.m"; sourceTree = "<group>"; };
		DDE086121D45101D00CD5B88 /* DSLIndexFeatureView.h */ = {isa = PBXFileReference; fileEncoding = 4; lastKnownFileType = sourcecode.c.h; path = DSLIndexFeatureView.h; sourceTree = "<group>"; };
		DDE086131D45101D00CD5B88 /* DSLIndexFeatureView.m */ = {isa = PBXFileReference; fileEncoding = 4; lastKnownFileType = sourcecode.c.objc; path = DSLIndexFeatureView.m; sourceTree = "<group>"; };
/* End PBXFileReference section */

/* Begin PBXFrameworksBuildPhase section */
		DDE085D21D450F6B00CD5B88 /* Frameworks */ = {
			isa = PBXFrameworksBuildPhase;
			buildActionMask = 2147483647;
			files = (
			);
			runOnlyForDeploymentPostprocessing = 0;
		};
		DDE085EB1D450F6B00CD5B88 /* Frameworks */ = {
			isa = PBXFrameworksBuildPhase;
			buildActionMask = 2147483647;
			files = (
			);
			runOnlyForDeploymentPostprocessing = 0;
		};
		DDE085F61D450F6B00CD5B88 /* Frameworks */ = {
			isa = PBXFrameworksBuildPhase;
			buildActionMask = 2147483647;
			files = (
			);
			runOnlyForDeploymentPostprocessing = 0;
		};
/* End PBXFrameworksBuildPhase section */

/* Begin PBXGroup section */
		DDE085CC1D450F6B00CD5B88 = {
			isa = PBXGroup;
			children = (
				DDE085D71D450F6B00CD5B88 /* DSLIndexViewDemo */,
				DDE085F11D450F6B00CD5B88 /* DSLIndexViewTests */,
				DDE085FC1D450F6B00CD5B88 /* DSLIndexViewUITests */,
				DDE085D61D450F6B00CD5B88 /* Products */,
			);
			sourceTree = "<group>";
		};
		DDE085D61D450F6B00CD5B88 /* Products */ = {
			isa = PBXGroup;
			children = (
				DDE085D51D450F6B00CD5B88 /* DSLIndexView.app */,
				DDE085EE1D450F6B00CD5B88 /* DSLIndexViewTests.xctest */,
				DDE085F91D450F6B00CD5B88 /* DSLIndexViewUITests.xctest */,
			);
			name = Products;
			sourceTree = "<group>";
		};
		DDE085D71D450F6B00CD5B88 /* DSLIndexViewDemo */ = {
			isa = PBXGroup;
			children = (
				DDE0860B1D450FBF00CD5B88 /* DSLIndexView */,
				DDE085DB1D450F6B00CD5B88 /* AppDelegate.h */,
				DDE085DC1D450F6B00CD5B88 /* AppDelegate.m */,
				DDE085DE1D450F6B00CD5B88 /* ViewController.h */,
				DDE085DF1D450F6B00CD5B88 /* ViewController.m */,
				DD03D0EF1DB791A000817E51 /* WaveViewController.h */,
				DD03D0F01DB791A000817E51 /* WaveViewController.m */,
				D6BDCD341D4B5CBF00EF2DB5 /* FeatureViewController.h */,
				D6BDCD351D4B5CBF00EF2DB5 /* FeatureViewController.m */,
				DDE085E11D450F6B00CD5B88 /* Main.storyboard */,
				DDE085E41D450F6B00CD5B88 /* Assets.xcassets */,
				DDE085E61D450F6B00CD5B88 /* LaunchScreen.storyboard */,
				DDE085E91D450F6B00CD5B88 /* Info.plist */,
				DDE085D81D450F6B00CD5B88 /* Supporting Files */,
			);
			path = DSLIndexViewDemo;
			sourceTree = "<group>";
		};
		DDE085D81D450F6B00CD5B88 /* Supporting Files */ = {
			isa = PBXGroup;
			children = (
				DDE085D91D450F6B00CD5B88 /* main.m */,
			);
			name = "Supporting Files";
			sourceTree = "<group>";
		};
		DDE085F11D450F6B00CD5B88 /* DSLIndexViewTests */ = {
			isa = PBXGroup;
			children = (
				DDE085F21D450F6B00CD5B88 /* DSLIndexViewTests.m */,
				DDE085F41D450F6B00CD5B88 /* Info.plist */,
			);
			path = DSLIndexViewTests;
			sourceTree = "<group>";
		};
		DDE085FC1D450F6B00CD5B88 /* DSLIndexViewUITests */ = {
			isa = PBXGroup;
			children = (
				DDE085FD1D450F6B00CD5B88 /* DSLIndexViewUITests.m */,
				DDE085FF1D450F6B00CD5B88 /* Info.plist */,
			);
			path = DSLIndexViewUITests;
			sourceTree = "<group>";
		};
		DDE0860B1D450FBF00CD5B88 /* DSLIndexView */ = {
			isa = PBXGroup;
			children = (
				D635D0451D4890690084E5F6 /* UITableView+DSLIndexView.h */,
				D635D0461D4890690084E5F6 /* UITableView+DSLIndexView.m */,
				DDE0860C1D450FD400CD5B88 /* DSLIndexView.h */,
				DDE0860D1D450FD400CD5B88 /* DSLIndexView.m */,
				DDE0860F1D45101100CD5B88 /* UILabel+DSLIndexView.h */,
				DDE086101D45101100CD5B88 /* UILabel+DSLIndexView.m */,
				DDE086121D45101D00CD5B88 /* DSLIndexFeatureView.h */,
				DDE086131D45101D00CD5B88 /* DSLIndexFeatureView.m */,
			);
			path = DSLIndexView;
			sourceTree = "<group>";
		};
/* End PBXGroup section */

/* Begin PBXNativeTarget section */
		DDE085D41D450F6B00CD5B88 /* DSLIndexView */ = {
			isa = PBXNativeTarget;
			buildConfigurationList = DDE086021D450F6B00CD5B88 /* Build configuration list for PBXNativeTarget "DSLIndexView" */;
			buildPhases = (
				DDE085D11D450F6B00CD5B88 /* Sources */,
				DDE085D21D450F6B00CD5B88 /* Frameworks */,
				DDE085D31D450F6B00CD5B88 /* Resources */,
			);
			buildRules = (
			);
			dependencies = (
			);
			name = DSLIndexView;
			productName = DSLIndexView;
			productReference = DDE085D51D450F6B00CD5B88 /* DSLIndexView.app */;
			productType = "com.apple.product-type.application";
		};
		DDE085ED1D450F6B00CD5B88 /* DSLIndexViewTests */ = {
			isa = PBXNativeTarget;
			buildConfigurationList = DDE086051D450F6B00CD5B88 /* Build configuration list for PBXNativeTarget "DSLIndexViewTests" */;
			buildPhases = (
				DDE085EA1D450F6B00CD5B88 /* Sources */,
				DDE085EB1D450F6B00CD5B88 /* Frameworks */,
				DDE085EC1D450F6B00CD5B88 /* Resources */,
			);
			buildRules = (
			);
			dependencies = (
				DDE085F01D450F6B00CD5B88 /* PBXTargetDependency */,
			);
			name = DSLIndexViewTests;
			productName = DSLIndexViewTests;
			productReference = DDE085EE1D450F6B00CD5B88 /* DSLIndexViewTests.xctest */;
			productType = "com.apple.product-type.bundle.unit-test";
		};
		DDE085F81D450F6B00CD5B88 /* DSLIndexViewUITests */ = {
			isa = PBXNativeTarget;
			buildConfigurationList = DDE086081D450F6B00CD5B88 /* Build configuration list for PBXNativeTarget "DSLIndexViewUITests" */;
			buildPhases = (
				DDE085F51D450F6B00CD5B88 /* Sources */,
				DDE085F61D450F6B00CD5B88 /* Frameworks */,
				DDE085F71D450F6B00CD5B88 /* Resources */,
			);
			buildRules = (
			);
			dependencies = (
				DDE085FB1D450F6B00CD5B88 /* PBXTargetDependency */,
			);
			name = DSLIndexViewUITests;
			productName = DSLIndexViewUITests;
			productReference = DDE085F91D450F6B00CD5B88 /* DSLIndexViewUITests.xctest */;
			productType = "com.apple.product-type.bundle.ui-testing";
		};
/* End PBXNativeTarget section */

/* Begin PBXProject section */
		DDE085CD1D450F6B00CD5B88 /* Project object */ = {
			isa = PBXProject;
			attributes = {
				LastUpgradeCheck = 0730;
				ORGANIZATIONNAME = "邓顺来";
				TargetAttributes = {
					DDE085D41D450F6B00CD5B88 = {
						CreatedOnToolsVersion = 7.3.1;
						DevelopmentTeam = QTRV8G9WAU;
					};
					DDE085ED1D450F6B00CD5B88 = {
						CreatedOnToolsVersion = 7.3.1;
						TestTargetID = DDE085D41D450F6B00CD5B88;
					};
					DDE085F81D450F6B00CD5B88 = {
						CreatedOnToolsVersion = 7.3.1;
						TestTargetID = DDE085D41D450F6B00CD5B88;
					};
				};
			};
			buildConfigurationList = DDE085D01D450F6B00CD5B88 /* Build configuration list for PBXProject "DSLIndexView" */;
			compatibilityVersion = "Xcode 3.2";
			developmentRegion = English;
			hasScannedForEncodings = 0;
			knownRegions = (
				en,
				Base,
			);
			mainGroup = DDE085CC1D450F6B00CD5B88;
			productRefGroup = DDE085D61D450F6B00CD5B88 /* Products */;
			projectDirPath = "";
			projectRoot = "";
			targets = (
				DDE085D41D450F6B00CD5B88 /* DSLIndexView */,
				DDE085ED1D450F6B00CD5B88 /* DSLIndexViewTests */,
				DDE085F81D450F6B00CD5B88 /* DSLIndexViewUITests */,
			);
		};
/* End PBXProject section */

/* Begin PBXResourcesBuildPhase section */
		DDE085D31D450F6B00CD5B88 /* Resources */ = {
			isa = PBXResourcesBuildPhase;
			buildActionMask = 2147483647;
			files = (
				DDE085E81D450F6B00CD5B88 /* LaunchScreen.storyboard in Resources */,
				DDE085E51D450F6B00CD5B88 /* Assets.xcassets in Resources */,
				DDE085E31D450F6B00CD5B88 /* Main.storyboard in Resources */,
			);
			runOnlyForDeploymentPostprocessing = 0;
		};
		DDE085EC1D450F6B00CD5B88 /* Resources */ = {
			isa = PBXResourcesBuildPhase;
			buildActionMask = 2147483647;
			files = (
			);
			runOnlyForDeploymentPostprocessing = 0;
		};
		DDE085F71D450F6B00CD5B88 /* Resources */ = {
			isa = PBXResourcesBuildPhase;
			buildActionMask = 2147483647;
			files = (
			);
			runOnlyForDeploymentPostprocessing = 0;
		};
/* End PBXResourcesBuildPhase section */

/* Begin PBXSourcesBuildPhase section */
		DDE085D11D450F6B00CD5B88 /* Sources */ = {
			isa = PBXSourcesBuildPhase;
			buildActionMask = 2147483647;
			files = (
				DD03D0F11DB791A000817E51 /* WaveViewController.m in Sources */,
				DDE085E01D450F6B00CD5B88 /* ViewController.m in Sources */,
				D635D0471D4890690084E5F6 /* UITableView+DSLIndexView.m in Sources */,
				DDE086111D45101100CD5B88 /* UILabel+DSLIndexView.m in Sources */,
				DDE086141D45101D00CD5B88 /* DSLIndexFeatureView.m in Sources */,
				DDE085DD1D450F6B00CD5B88 /* AppDelegate.m in Sources */,
				D6BDCD361D4B5CBF00EF2DB5 /* FeatureViewController.m in Sources */,
				DDE085DA1D450F6B00CD5B88 /* main.m in Sources */,
				DDE0860E1D450FD400CD5B88 /* DSLIndexView.m in Sources */,
			);
			runOnlyForDeploymentPostprocessing = 0;
		};
		DDE085EA1D450F6B00CD5B88 /* Sources */ = {
			isa = PBXSourcesBuildPhase;
			buildActionMask = 2147483647;
			files = (
				DDE085F31D450F6B00CD5B88 /* DSLIndexViewTests.m in Sources */,
			);
			runOnlyForDeploymentPostprocessing = 0;
		};
		DDE085F51D450F6B00CD5B88 /* Sources */ = {
			isa = PBXSourcesBuildPhase;
			buildActionMask = 2147483647;
			files = (
				DDE085FE1D450F6B00CD5B88 /* DSLIndexViewUITests.m in Sources */,
			);
			runOnlyForDeploymentPostprocessing = 0;
		};
/* End PBXSourcesBuildPhase section */

/* Begin PBXTargetDependency section */
		DDE085F01D450F6B00CD5B88 /* PBXTargetDependency */ = {
			isa = PBXTargetDependency;
			target = DDE085D41D450F6B00CD5B88 /* DSLIndexView */;
			targetProxy = DDE085EF1D450F6B00CD5B88 /* PBXContainerItemProxy */;
		};
		DDE085FB1D450F6B00CD5B88 /* PBXTargetDependency */ = {
			isa = PBXTargetDependency;
			target = DDE085D41D450F6B00CD5B88 /* DSLIndexView */;
			targetProxy = DDE085FA1D450F6B00CD5B88 /* PBXContainerItemProxy */;
		};
/* End PBXTargetDependency section */

/* Begin PBXVariantGroup section */
		DDE085E11D450F6B00CD5B88 /* Main.storyboard */ = {
			isa = PBXVariantGroup;
			children = (
				DDE085E21D450F6B00CD5B88 /* Base */,
			);
			name = Main.storyboard;
			sourceTree = "<group>";
		};
		DDE085E61D450F6B00CD5B88 /* LaunchScreen.storyboard */ = {
			isa = PBXVariantGroup;
			children = (
				DDE085E71D450F6B00CD5B88 /* Base */,
			);
			name = LaunchScreen.storyboard;
			sourceTree = "<group>";
		};
/* End PBXVariantGroup section */

/* Begin XCBuildConfiguration section */
		DDE086001D450F6B00CD5B88 /* Debug */ = {
			isa = XCBuildConfiguration;
			buildSettings = {
				ALWAYS_SEARCH_USER_PATHS = NO;
				CLANG_ANALYZER_NONNULL = YES;
				CLANG_CXX_LANGUAGE_STANDARD = "gnu++0x";
				CLANG_CXX_LIBRARY = "libc++";
				CLANG_ENABLE_MODULES = YES;
				CLANG_ENABLE_OBJC_ARC = YES;
				CLANG_WARN_BOOL_CONVERSION = YES;
				CLANG_WARN_CONSTANT_CONVERSION = YES;
				CLANG_WARN_DIRECT_OBJC_ISA_USAGE = YES_ERROR;
				CLANG_WARN_EMPTY_BODY = YES;
				CLANG_WARN_ENUM_CONVERSION = YES;
				CLANG_WARN_INT_CONVERSION = YES;
				CLANG_WARN_OBJC_ROOT_CLASS = YES_ERROR;
				CLANG_WARN_UNREACHABLE_CODE = YES;
				CLANG_WARN__DUPLICATE_METHOD_MATCH = YES;
				"CODE_SIGN_IDENTITY[sdk=iphoneos*]" = "iPhone Developer";
				COPY_PHASE_STRIP = NO;
				DEBUG_INFORMATION_FORMAT = dwarf;
				ENABLE_STRICT_OBJC_MSGSEND = YES;
				ENABLE_TESTABILITY = YES;
				GCC_C_LANGUAGE_STANDARD = gnu99;
				GCC_DYNAMIC_NO_PIC = NO;
				GCC_NO_COMMON_BLOCKS = YES;
				GCC_OPTIMIZATION_LEVEL = 0;
				GCC_PREPROCESSOR_DEFINITIONS = (
					"DEBUG=1",
					"$(inherited)",
				);
				GCC_WARN_64_TO_32_BIT_CONVERSION = YES;
				GCC_WARN_ABOUT_RETURN_TYPE = YES_ERROR;
				GCC_WARN_UNDECLARED_SELECTOR = YES;
				GCC_WARN_UNINITIALIZED_AUTOS = YES_AGGRESSIVE;
				GCC_WARN_UNUSED_FUNCTION = YES;
				GCC_WARN_UNUSED_VARIABLE = YES;
				IPHONEOS_DEPLOYMENT_TARGET = 9.3;
				MTL_ENABLE_DEBUG_INFO = YES;
				ONLY_ACTIVE_ARCH = YES;
				SDKROOT = iphoneos;
				TARGETED_DEVICE_FAMILY = "1,2";
			};
			name = Debug;
		};
		DDE086011D450F6B00CD5B88 /* Release */ = {
			isa = XCBuildConfiguration;
			buildSettings = {
				ALWAYS_SEARCH_USER_PATHS = NO;
				CLANG_ANALYZER_NONNULL = YES;
				CLANG_CXX_LANGUAGE_STANDARD = "gnu++0x";
				CLANG_CXX_LIBRARY = "libc++";
				CLANG_ENABLE_MODULES = YES;
				CLANG_ENABLE_OBJC_ARC = YES;
				CLANG_WARN_BOOL_CONVERSION = YES;
				CLANG_WARN_CONSTANT_CONVERSION = YES;
				CLANG_WARN_DIRECT_OBJC_ISA_USAGE = YES_ERROR;
				CLANG_WARN_EMPTY_BODY = YES;
				CLANG_WARN_ENUM_CONVERSION = YES;
				CLANG_WARN_INT_CONVERSION = YES;
				CLANG_WARN_OBJC_ROOT_CLASS = YES_ERROR;
				CLANG_WARN_UNREACHABLE_CODE = YES;
				CLANG_WARN__DUPLICATE_METHOD_MATCH = YES;
				"CODE_SIGN_IDENTITY[sdk=iphoneos*]" = "iPhone Developer";
				COPY_PHASE_STRIP = NO;
				DEBUG_INFORMATION_FORMAT = "dwarf-with-dsym";
				ENABLE_NS_ASSERTIONS = NO;
				ENABLE_STRICT_OBJC_MSGSEND = YES;
				GCC_C_LANGUAGE_STANDARD = gnu99;
				GCC_NO_COMMON_BLOCKS = YES;
				GCC_WARN_64_TO_32_BIT_CONVERSION = YES;
				GCC_WARN_ABOUT_RETURN_TYPE = YES_ERROR;
				GCC_WARN_UNDECLARED_SELECTOR = YES;
				GCC_WARN_UNINITIALIZED_AUTOS = YES_AGGRESSIVE;
				GCC_WARN_UNUSED_FUNCTION = YES;
				GCC_WARN_UNUSED_VARIABLE = YES;
				IPHONEOS_DEPLOYMENT_TARGET = 9.3;
				MTL_ENABLE_DEBUG_INFO = NO;
				SDKROOT = iphoneos;
				TARGETED_DEVICE_FAMILY = "1,2";
				VALIDATE_PRODUCT = YES;
			};
			name = Release;
		};
		DDE086031D450F6B00CD5B88 /* Debug */ = {
			isa = XCBuildConfiguration;
			buildSettings = {
				ASSETCATALOG_COMPILER_APPICON_NAME = AppIcon;
				DEVELOPMENT_TEAM = QTRV8G9WAU;
				INFOPLIST_FILE = DSLIndexViewDemo/Info.plist;
				IPHONEOS_DEPLOYMENT_TARGET = 8.0;
				LD_RUNPATH_SEARCH_PATHS = "$(inherited) @executable_path/Frameworks";
				PRODUCT_BUNDLE_IDENTIFIER = com.dsl.DSLIndexView;
				PRODUCT_NAME = "$(TARGET_NAME)";
			};
			name = Debug;
		};
		DDE086041D450F6B00CD5B88 /* Release */ = {
			isa = XCBuildConfiguration;
			buildSettings = {
				ASSETCATALOG_COMPILER_APPICON_NAME = AppIcon;
				DEVELOPMENT_TEAM = QTRV8G9WAU;
				INFOPLIST_FILE = DSLIndexViewDemo/Info.plist;
				IPHONEOS_DEPLOYMENT_TARGET = 8.0;
				LD_RUNPATH_SEARCH_PATHS = "$(inherited) @executable_path/Frameworks";
				PRODUCT_BUNDLE_IDENTIFIER = com.dsl.DSLIndexView;
				PRODUCT_NAME = "$(TARGET_NAME)";
			};
			name = Release;
		};
		DDE086061D450F6B00CD5B88 /* Debug */ = {
			isa = XCBuildConfiguration;
			buildSettings = {
				BUNDLE_LOADER = "$(TEST_HOST)";
				INFOPLIST_FILE = DSLIndexViewTests/Info.plist;
				LD_RUNPATH_SEARCH_PATHS = "$(inherited) @executable_path/Frameworks @loader_path/Frameworks";
				PRODUCT_BUNDLE_IDENTIFIER = com.dsl.DSLIndexViewTests;
				PRODUCT_NAME = "$(TARGET_NAME)";
				TEST_HOST = "$(BUILT_PRODUCTS_DIR)/DSLIndexView.app/DSLIndexView";
			};
			name = Debug;
		};
		DDE086071D450F6B00CD5B88 /* Release */ = {
			isa = XCBuildConfiguration;
			buildSettings = {
				BUNDLE_LOADER = "$(TEST_HOST)";
				INFOPLIST_FILE = DSLIndexViewTests/Info.plist;
				LD_RUNPATH_SEARCH_PATHS = "$(inherited) @executable_path/Frameworks @loader_path/Frameworks";
				PRODUCT_BUNDLE_IDENTIFIER = com.dsl.DSLIndexViewTests;
				PRODUCT_NAME = "$(TARGET_NAME)";
				TEST_HOST = "$(BUILT_PRODUCTS_DIR)/DSLIndexView.app/DSLIndexView";
			};
			name = Release;
		};
		DDE086091D450F6B00CD5B88 /* Debug */ = {
			isa = XCBuildConfiguration;
			buildSettings = {
				INFOPLIST_FILE = DSLIndexViewUITests/Info.plist;
				LD_RUNPATH_SEARCH_PATHS = "$(inherited) @executable_path/Frameworks @loader_path/Frameworks";
				PRODUCT_BUNDLE_IDENTIFIER = com.dsl.DSLIndexViewUITests;
				PRODUCT_NAME = "$(TARGET_NAME)";
				TEST_TARGET_NAME = DSLIndexView;
			};
			name = Debug;
		};
		DDE0860A1D450F6B00CD5B88 /* Release */ = {
			isa = XCBuildConfiguration;
			buildSettings = {
				INFOPLIST_FILE = DSLIndexViewUITests/Info.plist;
				LD_RUNPATH_SEARCH_PATHS = "$(inherited) @executable_path/Frameworks @loader_path/Frameworks";
				PRODUCT_BUNDLE_IDENTIFIER = com.dsl.DSLIndexViewUITests;
				PRODUCT_NAME = "$(TARGET_NAME)";
				TEST_TARGET_NAME = DSLIndexView;
			};
			name = Release;
		};
/* End XCBuildConfiguration section */

/* Begin XCConfigurationList section */
		DDE085D01D450F6B00CD5B88 /* Build configuration list for PBXProject "DSLIndexView" */ = {
			isa = XCConfigurationList;
			buildConfigurations = (
				DDE086001D450F6B00CD5B88 /* Debug */,
				DDE086011D450F6B00CD5B88 /* Release */,
			);
			defaultConfigurationIsVisible = 0;
			defaultConfigurationName = Release;
		};
		DDE086021D450F6B00CD5B88 /* Build configuration list for PBXNativeTarget "DSLIndexView" */ = {
			isa = XCConfigurationList;
			buildConfigurations = (
				DDE086031D450F6B00CD5B88 /* Debug */,
				DDE086041D450F6B00CD5B88 /* Release */,
			);
			defaultConfigurationIsVisible = 0;
			defaultConfigurationName = Release;
		};
		DDE086051D450F6B00CD5B88 /* Build configuration list for PBXNativeTarget "DSLIndexViewTests" */ = {
			isa = XCConfigurationList;
			buildConfigurations = (
				DDE086061D450F6B00CD5B88 /* Debug */,
				DDE086071D450F6B00CD5B88 /* Release */,
			);
			defaultConfigurationIsVisible = 0;
			defaultConfigurationName = Release;
		};
		DDE086081D450F6B00CD5B88 /* Build configuration list for PBXNativeTarget "DSLIndexViewUITests" */ = {
			isa = XCConfigurationList;
			buildConfigurations = (
				DDE086091D450F6B00CD5B88 /* Debug */,
				DDE0860A1D450F6B00CD5B88 /* Release */,
			);
			defaultConfigurationIsVisible = 0;
			defaultConfigurationName = Release;
		};
/* End XCConfigurationList section */
	};
	rootObject = DDE085CD1D450F6B00CD5B88 /* Project object */;
}
